
Microsoft Visual Studio Solution File, Format Version 12.00
# Visual Studio 14
VisualStudioVersion = 14.0.24720.0
MinimumVisualStudioVersion = 10.0.40219.1
Project("{FAE04EC0-301F-11D3-BF4B-00C04F79EFBC}") = "NetworkingLibrary", "NetworkingLibrary\NetworkingLibrary.csproj", "{CAE4CCBC-20A1-427F-A843-849ECAA05CB0}"
EndProject
Project("{FAE04EC0-301F-11D3-BF4B-00C04F79EFBC}") = "NetworkingLibrary.Socks", "NetworkingLibrary.Socks\NetworkingLibrary.Socks.csproj", "{3630469F-250C-46B3-88B4-EB39FFE56330}"
EndProject
Project("{2150E333-8FDC-42A3-9474-1A3956D46DE8}") = "ExampleProjects", "ExampleProjects", "{FCDCDB48-9E6B-4A5C-BA3E-12B0E3F393E7}"
EndProject
Project("{FAE04EC0-301F-11D3-BF4B-00C04F79EFBC}") = "SocksServer", "ExampleProjects\SocksServer\SocksServer.csproj", "{3E1357BB-F8AD-4C32-A27D-322DFA972742}"
EndProject
Project("{FAE04EC0-301F-11D3-BF4B-00C04F79EFBC}") = "SocksClient", "ExampleProjects\SocksClient\SocksClient.csproj", "{1A014DB2-9EDB-4FAF-858C-5ABF919893B6}"
EndProject
Global
	GlobalSection(SolutionConfigurationPlatforms) = preSolution
		Debug|Any CPU = Debug|Any CPU
		Release|Any CPU = Release|Any CPU
	EndGlobalSection
	GlobalSection(ProjectConfigurationPlatforms) = postSolution
		{CAE4CCBC-20A1-427F-A843-849ECAA05CB0}.Debug|Any CPU.ActiveCfg = Debug|Any CPU
		{CAE4CCBC-20A1-427F-A843-849ECAA05CB0}.Debug|Any CPU.Build.0 = Debug|Any CPU
		{CAE4CCBC-20A1-427F-A843-849ECAA05CB0}.Release|Any CPU.ActiveCfg = Release|Any CPU
		{CAE4CCBC-20A1-427F-A843-849ECAA05CB0}.Release|Any CPU.Build.0 = Release|Any CPU
		{3630469F-250C-46B3-88B4-EB39FFE56330}.Debug|Any CPU.ActiveCfg = Debug|Any CPU
		{3630469F-250C-46B3-88B4-EB39FFE56330}.Debug|Any CPU.Build.0 = Debug|Any CPU
		{3630469F-250C-46B3-88B4-EB39FFE56330}.Release|Any CPU.ActiveCfg = Release|Any CPU
		{3630469F-250C-46B3-88B4-EB39FFE56330}.Release|Any CPU.Build.0 = Release|Any CPU
		{3E1357BB-F8AD-4C32-A27D-322DFA972742}.Debug|Any CPU.ActiveCfg = Debug|Any CPU
		{3E1357BB-F8AD-4C32-A27D-322DFA972742}.Debug|Any CPU.Build.0 = Debug|Any CPU
		{3E1357BB-F8AD-4C32-A27D-322DFA972742}.Release|Any CPU.ActiveCfg = Release|Any CPU
		{3E1357BB-F8AD-4C32-A27D-322DFA972742}.Release|Any CPU.Build.0 = Release|Any CPU
		{1A014DB2-9EDB-4FAF-858C-5ABF919893B6}.Debug|Any CPU.ActiveCfg = Debug|Any CPU
		{1A014DB2-9EDB-4FAF-858C-5ABF919893B6}.Debug|Any CPU.Build.0 = Debug|Any CPU
		{1A014DB2-9EDB-4FAF-858C-5ABF919893B6}.Release|Any CPU.ActiveCfg = Release|Any CPU
		{1A014DB2-9EDB-4FAF-858C-5ABF919893B6}.Release|Any CPU.Build.0 = Release|Any CPU
	EndGlobalSection
	GlobalSection(SolutionProperties) = preSolution
		HideSolutionNode = FALSE
	EndGlobalSection
	GlobalSection(NestedProjects) = preSolution
		{3E1357BB-F8AD-4C32-A27D-322DFA972742} = {FCDCDB48-9E6B-4A5C-BA3E-12B0E3F393E7}
		{1A014DB2-9EDB-4FAF-858C-5ABF919893B6} = {FCDCDB48-9E6B-4A5C-BA3E-12B0E3F393E7}
	EndGlobalSection
EndGlobal
