
Microsoft Visual Studio Solution File, Format Version 12.00
# Visual Studio 14
VisualStudioVersion = 14.0.25123.0
MinimumVisualStudioVersion = 10.0.40219.1
Project("{FAE04EC0-301F-11D3-BF4B-00C04F79EFBC}") = "NetworkingLibrary", "NetworkingLibrary\NetworkingLibrary.csproj", "{CAE4CCBC-20A1-427F-A843-849ECAA05CB0}"
EndProject
Project("{FAE04EC0-301F-11D3-BF4B-00C04F79EFBC}") = "NetworkingLibrary.Socks", "NetworkingLibrary.Socks\NetworkingLibrary.Socks.csproj", "{3630469F-250C-46B3-88B4-EB39FFE56330}"
EndProject
Project("{2150E333-8FDC-42A3-9474-1A3956D46DE8}") = "ExampleProjects", "ExampleProjects", "{518BC023-0DE9-4173-8189-F3EDADC93A74}"
EndProject
Project("{2150E333-8FDC-42A3-9474-1A3956D46DE8}") = "Tcp", "Tcp", "{B633E489-D0AD-4A1D-AD8C-D92C0C3C1C93}"
EndProject
Project("{2150E333-8FDC-42A3-9474-1A3956D46DE8}") = "Udp", "Udp", "{F4B64452-FDCF-4D6A-8A20-4FF1DD391E74}"
EndProject
Project("{FAE04EC0-301F-11D3-BF4B-00C04F79EFBC}") = "Echor", "ExampleProjects\Udp\Echor\Echor.csproj", "{3B08E964-6450-472D-ACA1-FAB14F388927}"
EndProject
Project("{FAE04EC0-301F-11D3-BF4B-00C04F79EFBC}") = "ExampleClient", "ExampleProjects\Tcp\ExampleClient\ExampleClient.csproj", "{C6A59E2A-1365-4E69-84CB-6C4F21146366}"
EndProject
Project("{FAE04EC0-301F-11D3-BF4B-00C04F79EFBC}") = "ExampleEventServer", "ExampleProjects\Tcp\ExampleEventServer\ExampleEventServer.csproj", "{2C500102-2AB1-4BE9-9CEA-1C600627EC00}"
EndProject
Global
	GlobalSection(SolutionConfigurationPlatforms) = preSolution
		Debug|Any CPU = Debug|Any CPU
		Release|Any CPU = Release|Any CPU
	EndGlobalSection
	GlobalSection(ProjectConfigurationPlatforms) = postSolution
		{CAE4CCBC-20A1-427F-A843-849ECAA05CB0}.Debug|Any CPU.ActiveCfg = Debug|Any CPU
		{CAE4CCBC-20A1-427F-A843-849ECAA05CB0}.Debug|Any CPU.Build.0 = Debug|Any CPU
		{CAE4CCBC-20A1-427F-A843-849ECAA05CB0}.Release|Any CPU.ActiveCfg = Release|Any CPU
		{CAE4CCBC-20A1-427F-A843-849ECAA05CB0}.Release|Any CPU.Build.0 = Release|Any CPU
		{3630469F-250C-46B3-88B4-EB39FFE56330}.Debug|Any CPU.ActiveCfg = Debug|Any CPU
		{3630469F-250C-46B3-88B4-EB39FFE56330}.Debug|Any CPU.Build.0 = Debug|Any CPU
		{3630469F-250C-46B3-88B4-EB39FFE56330}.Release|Any CPU.ActiveCfg = Release|Any CPU
		{3630469F-250C-46B3-88B4-EB39FFE56330}.Release|Any CPU.Build.0 = Release|Any CPU
		{3B08E964-6450-472D-ACA1-FAB14F388927}.Debug|Any CPU.ActiveCfg = Debug|Any CPU
		{3B08E964-6450-472D-ACA1-FAB14F388927}.Debug|Any CPU.Build.0 = Debug|Any CPU
		{3B08E964-6450-472D-ACA1-FAB14F388927}.Release|Any CPU.ActiveCfg = Release|Any CPU
		{3B08E964-6450-472D-ACA1-FAB14F388927}.Release|Any CPU.Build.0 = Release|Any CPU
		{C6A59E2A-1365-4E69-84CB-6C4F21146366}.Debug|Any CPU.ActiveCfg = Debug|Any CPU
		{C6A59E2A-1365-4E69-84CB-6C4F21146366}.Debug|Any CPU.Build.0 = Debug|Any CPU
		{C6A59E2A-1365-4E69-84CB-6C4F21146366}.Release|Any CPU.ActiveCfg = Release|Any CPU
		{C6A59E2A-1365-4E69-84CB-6C4F21146366}.Release|Any CPU.Build.0 = Release|Any CPU
		{2C500102-2AB1-4BE9-9CEA-1C600627EC00}.Debug|Any CPU.ActiveCfg = Debug|Any CPU
		{2C500102-2AB1-4BE9-9CEA-1C600627EC00}.Debug|Any CPU.Build.0 = Debug|Any CPU
		{2C500102-2AB1-4BE9-9CEA-1C600627EC00}.Release|Any CPU.ActiveCfg = Release|Any CPU
		{2C500102-2AB1-4BE9-9CEA-1C600627EC00}.Release|Any CPU.Build.0 = Release|Any CPU
	EndGlobalSection
	GlobalSection(SolutionProperties) = preSolution
		HideSolutionNode = FALSE
	EndGlobalSection
	GlobalSection(NestedProjects) = preSolution
		{B633E489-D0AD-4A1D-AD8C-D92C0C3C1C93} = {518BC023-0DE9-4173-8189-F3EDADC93A74}
		{F4B64452-FDCF-4D6A-8A20-4FF1DD391E74} = {518BC023-0DE9-4173-8189-F3EDADC93A74}
		{3B08E964-6450-472D-ACA1-FAB14F388927} = {F4B64452-FDCF-4D6A-8A20-4FF1DD391E74}
		{C6A59E2A-1365-4E69-84CB-6C4F21146366} = {B633E489-D0AD-4A1D-AD8C-D92C0C3C1C93}
		{2C500102-2AB1-4BE9-9CEA-1C600627EC00} = {B633E489-D0AD-4A1D-AD8C-D92C0C3C1C93}
	EndGlobalSection
EndGlobal
